// !$*UTF8*$!
{
	archiveVersion = 1;
	classes = {
	};
	objectVersion = 55;
	objects = {

/* Begin PBXBuildFile section */
		975D88F728BFDCD600C5CAE1 /* UIColor + Custom Colors.swift in Sources */ = {isa = PBXBuildFile; fileRef = 975D88F628BFDCD600C5CAE1 /* UIColor + Custom Colors.swift */; };
		975D88FD28C0035900C5CAE1 /* BaseViewController.swift in Sources */ = {isa = PBXBuildFile; fileRef = 975D88FC28C0035900C5CAE1 /* BaseViewController.swift */; };
		975D890028C0C58B00C5CAE1 /* LoginView.swift in Sources */ = {isa = PBXBuildFile; fileRef = 975D88FF28C0C58B00C5CAE1 /* LoginView.swift */; };
		975D890328C0D0FD00C5CAE1 /* SingUpViewModel.swift in Sources */ = {isa = PBXBuildFile; fileRef = 975D890228C0D0FD00C5CAE1 /* SingUpViewModel.swift */; };
		975D890628C0D11B00C5CAE1 /* SignUpView.swift in Sources */ = {isa = PBXBuildFile; fileRef = 975D890528C0D11B00C5CAE1 /* SignUpView.swift */; };
		975D890A28C0D6F300C5CAE1 /* WelcomeView.swift in Sources */ = {isa = PBXBuildFile; fileRef = 975D890928C0D6F300C5CAE1 /* WelcomeView.swift */; };
		9761946628A260B8007BD6C9 /* GalleryViewController.swift in Sources */ = {isa = PBXBuildFile; fileRef = 9761946528A260B8007BD6C9 /* GalleryViewController.swift */; };
		9761946828A260D1007BD6C9 /* PageViewController.swift in Sources */ = {isa = PBXBuildFile; fileRef = 9761946728A260D1007BD6C9 /* PageViewController.swift */; };
		9761946A28A260DD007BD6C9 /* ProfileViewController.swift in Sources */ = {isa = PBXBuildFile; fileRef = 9761946928A260DD007BD6C9 /* ProfileViewController.swift */; };
		9761946D28A28C06007BD6C9 /* GoogleService-Info.plist in Resources */ = {isa = PBXBuildFile; fileRef = 9761946C28A28C06007BD6C9 /* GoogleService-Info.plist */; };
		9761947028A28D36007BD6C9 /* FirebaseAnalytics in Frameworks */ = {isa = PBXBuildFile; productRef = 9761946F28A28D36007BD6C9 /* FirebaseAnalytics */; };
		9761947228A28D36007BD6C9 /* FirebaseDatabase in Frameworks */ = {isa = PBXBuildFile; productRef = 9761947128A28D36007BD6C9 /* FirebaseDatabase */; };
		9761947428A28D36007BD6C9 /* FirebaseFirestore in Frameworks */ = {isa = PBXBuildFile; productRef = 9761947328A28D36007BD6C9 /* FirebaseFirestore */; };
		9761947628A28D36007BD6C9 /* FirebaseStorage in Frameworks */ = {isa = PBXBuildFile; productRef = 9761947528A28D36007BD6C9 /* FirebaseStorage */; };
		9761947B28A28EDB007BD6C9 /* FirebaseAuth in Frameworks */ = {isa = PBXBuildFile; productRef = 9761947A28A28EDB007BD6C9 /* FirebaseAuth */; };
		9761948428A2C347007BD6C9 /* ViewController + CustomBarButtonItem.swift in Sources */ = {isa = PBXBuildFile; fileRef = 9761948328A2C347007BD6C9 /* ViewController + CustomBarButtonItem.swift */; };
		9769BE6F28A1974100C372CD /* MainTabBarController.swift in Sources */ = {isa = PBXBuildFile; fileRef = 9769BE6E28A1974100C372CD /* MainTabBarController.swift */; };
		9769BE7128A1978600C372CD /* TableViewController.swift in Sources */ = {isa = PBXBuildFile; fileRef = 9769BE7028A1978600C372CD /* TableViewController.swift */; };
		9769BE7328A197AC00C372CD /* CollectionViewController.swift in Sources */ = {isa = PBXBuildFile; fileRef = 9769BE7228A197AC00C372CD /* CollectionViewController.swift */; };
		977C305228A12CFC005DEECA /* AppDelegate.swift in Sources */ = {isa = PBXBuildFile; fileRef = 977C305128A12CFC005DEECA /* AppDelegate.swift */; };
		977C305428A12CFC005DEECA /* SceneDelegate.swift in Sources */ = {isa = PBXBuildFile; fileRef = 977C305328A12CFC005DEECA /* SceneDelegate.swift */; };
		977C305B28A12CFE005DEECA /* Assets.xcassets in Resources */ = {isa = PBXBuildFile; fileRef = 977C305A28A12CFE005DEECA /* Assets.xcassets */; };
		977C305E28A12CFE005DEECA /* LaunchScreen.storyboard in Resources */ = {isa = PBXBuildFile; fileRef = 977C305C28A12CFE005DEECA /* LaunchScreen.storyboard */; };
		977C306628A12D96005DEECA /* WelcomeViewController.swift in Sources */ = {isa = PBXBuildFile; fileRef = 977C306528A12D96005DEECA /* WelcomeViewController.swift */; };
		977C306928A12EED005DEECA /* SnapKit in Frameworks */ = {isa = PBXBuildFile; productRef = 977C306828A12EED005DEECA /* SnapKit */; };
		977C306B28A15BCD005DEECA /* SignUpViewController.swift in Sources */ = {isa = PBXBuildFile; fileRef = 977C306A28A15BCD005DEECA /* SignUpViewController.swift */; };
		977C306D28A15BDA005DEECA /* LoginViewController.swift in Sources */ = {isa = PBXBuildFile; fileRef = 977C306C28A15BDA005DEECA /* LoginViewController.swift */; };
		977EEF5C28A3F9DE00CF8EF0 /* Utilities.swift in Sources */ = {isa = PBXBuildFile; fileRef = 977EEF5B28A3F9DE00CF8EF0 /* Utilities.swift */; };
		9799E21728A50D8300D18165 /* FirebaseManager.swift in Sources */ = {isa = PBXBuildFile; fileRef = 9799E21628A50D8300D18165 /* FirebaseManager.swift */; };
		9799E21A28A5274E00D18165 /* NetworkService.swift in Sources */ = {isa = PBXBuildFile; fileRef = 9799E21928A5274E00D18165 /* NetworkService.swift */; };
		9799E21D28A529ED00D18165 /* LoginViewModel.swift in Sources */ = {isa = PBXBuildFile; fileRef = 9799E21C28A529ED00D18165 /* LoginViewModel.swift */; };
		9799E22228A548F900D18165 /* RxCocoa in Frameworks */ = {isa = PBXBuildFile; productRef = 9799E22128A548F900D18165 /* RxCocoa */; };
		9799E22428A548F900D18165 /* RxSwift in Frameworks */ = {isa = PBXBuildFile; productRef = 9799E22328A548F900D18165 /* RxSwift */; };
/* End PBXBuildFile section */

/* Begin PBXFileReference section */
		975D88F628BFDCD600C5CAE1 /* UIColor + Custom Colors.swift */ = {isa = PBXFileReference; lastKnownFileType = sourcecode.swift; path = "UIColor + Custom Colors.swift"; sourceTree = "<group>"; };
		975D88FC28C0035900C5CAE1 /* BaseViewController.swift */ = {isa = PBXFileReference; lastKnownFileType = sourcecode.swift; path = BaseViewController.swift; sourceTree = "<group>"; };
		975D88FF28C0C58B00C5CAE1 /* LoginView.swift */ = {isa = PBXFileReference; lastKnownFileType = sourcecode.swift; path = LoginView.swift; sourceTree = "<group>"; };
		975D890228C0D0FD00C5CAE1 /* SingUpViewModel.swift */ = {isa = PBXFileReference; lastKnownFileType = sourcecode.swift; path = SingUpViewModel.swift; sourceTree = "<group>"; };
		975D890528C0D11B00C5CAE1 /* SignUpView.swift */ = {isa = PBXFileReference; lastKnownFileType = sourcecode.swift; path = SignUpView.swift; sourceTree = "<group>"; };
		975D890928C0D6F300C5CAE1 /* WelcomeView.swift */ = {isa = PBXFileReference; lastKnownFileType = sourcecode.swift; path = WelcomeView.swift; sourceTree = "<group>"; };
		9761946528A260B8007BD6C9 /* GalleryViewController.swift */ = {isa = PBXFileReference; lastKnownFileType = sourcecode.swift; path = GalleryViewController.swift; sourceTree = "<group>"; };
		9761946728A260D1007BD6C9 /* PageViewController.swift */ = {isa = PBXFileReference; lastKnownFileType = sourcecode.swift; path = PageViewController.swift; sourceTree = "<group>"; };
		9761946928A260DD007BD6C9 /* ProfileViewController.swift */ = {isa = PBXFileReference; lastKnownFileType = sourcecode.swift; path = ProfileViewController.swift; sourceTree = "<group>"; };
		9761946C28A28C06007BD6C9 /* GoogleService-Info.plist */ = {isa = PBXFileReference; fileEncoding = 4; lastKnownFileType = text.plist.xml; path = "GoogleService-Info.plist"; sourceTree = "<group>"; };
		9761948328A2C347007BD6C9 /* ViewController + CustomBarButtonItem.swift */ = {isa = PBXFileReference; lastKnownFileType = sourcecode.swift; path = "ViewController + CustomBarButtonItem.swift"; sourceTree = "<group>"; };
		9769BE6E28A1974100C372CD /* MainTabBarController.swift */ = {isa = PBXFileReference; lastKnownFileType = sourcecode.swift; path = MainTabBarController.swift; sourceTree = "<group>"; };
		9769BE7028A1978600C372CD /* TableViewController.swift */ = {isa = PBXFileReference; lastKnownFileType = sourcecode.swift; path = TableViewController.swift; sourceTree = "<group>"; };
		9769BE7228A197AC00C372CD /* CollectionViewController.swift */ = {isa = PBXFileReference; lastKnownFileType = sourcecode.swift; path = CollectionViewController.swift; sourceTree = "<group>"; };
		977C304E28A12CFC005DEECA /* PetWithRxMVVM.app */ = {isa = PBXFileReference; explicitFileType = wrapper.application; includeInIndex = 0; path = PetWithRxMVVM.app; sourceTree = BUILT_PRODUCTS_DIR; };
		977C305128A12CFC005DEECA /* AppDelegate.swift */ = {isa = PBXFileReference; lastKnownFileType = sourcecode.swift; path = AppDelegate.swift; sourceTree = "<group>"; };
		977C305328A12CFC005DEECA /* SceneDelegate.swift */ = {isa = PBXFileReference; lastKnownFileType = sourcecode.swift; path = SceneDelegate.swift; sourceTree = "<group>"; };
		977C305A28A12CFE005DEECA /* Assets.xcassets */ = {isa = PBXFileReference; lastKnownFileType = folder.assetcatalog; path = Assets.xcassets; sourceTree = "<group>"; };
		977C305D28A12CFE005DEECA /* Base */ = {isa = PBXFileReference; lastKnownFileType = file.storyboard; name = Base; path = Base.lproj/LaunchScreen.storyboard; sourceTree = "<group>"; };
		977C305F28A12CFE005DEECA /* Info.plist */ = {isa = PBXFileReference; lastKnownFileType = text.plist.xml; path = Info.plist; sourceTree = "<group>"; };
		977C306528A12D96005DEECA /* WelcomeViewController.swift */ = {isa = PBXFileReference; lastKnownFileType = sourcecode.swift; path = WelcomeViewController.swift; sourceTree = "<group>"; };
		977C306A28A15BCD005DEECA /* SignUpViewController.swift */ = {isa = PBXFileReference; lastKnownFileType = sourcecode.swift; path = SignUpViewController.swift; sourceTree = "<group>"; };
		977C306C28A15BDA005DEECA /* LoginViewController.swift */ = {isa = PBXFileReference; lastKnownFileType = sourcecode.swift; path = LoginViewController.swift; sourceTree = "<group>"; };
		977EEF5B28A3F9DE00CF8EF0 /* Utilities.swift */ = {isa = PBXFileReference; lastKnownFileType = sourcecode.swift; path = Utilities.swift; sourceTree = "<group>"; };
		9799E21628A50D8300D18165 /* FirebaseManager.swift */ = {isa = PBXFileReference; lastKnownFileType = sourcecode.swift; path = FirebaseManager.swift; sourceTree = "<group>"; };
		9799E21928A5274E00D18165 /* NetworkService.swift */ = {isa = PBXFileReference; lastKnownFileType = sourcecode.swift; path = NetworkService.swift; sourceTree = "<group>"; };
		9799E21C28A529ED00D18165 /* LoginViewModel.swift */ = {isa = PBXFileReference; lastKnownFileType = sourcecode.swift; path = LoginViewModel.swift; sourceTree = "<group>"; };
/* End PBXFileReference section */

/* Begin PBXFrameworksBuildPhase section */
		977C304B28A12CFC005DEECA /* Frameworks */ = {
			isa = PBXFrameworksBuildPhase;
			buildActionMask = 2147483647;
			files = (
				9761947228A28D36007BD6C9 /* FirebaseDatabase in Frameworks */,
				9761947B28A28EDB007BD6C9 /* FirebaseAuth in Frameworks */,
				9761947428A28D36007BD6C9 /* FirebaseFirestore in Frameworks */,
				9799E22228A548F900D18165 /* RxCocoa in Frameworks */,
				9761947028A28D36007BD6C9 /* FirebaseAnalytics in Frameworks */,
				9761947628A28D36007BD6C9 /* FirebaseStorage in Frameworks */,
				9799E22428A548F900D18165 /* RxSwift in Frameworks */,
				977C306928A12EED005DEECA /* SnapKit in Frameworks */,
			);
			runOnlyForDeploymentPostprocessing = 0;
		};
/* End PBXFrameworksBuildPhase section */

/* Begin PBXGroup section */
		975D88F828BFFEB500C5CAE1 /* Network */ = {
			isa = PBXGroup;
			children = (
				9799E21928A5274E00D18165 /* NetworkService.swift */,
			);
			path = Network;
			sourceTree = "<group>";
		};
		975D88F928BFFF4F00C5CAE1 /* Application */ = {
			isa = PBXGroup;
			children = (
				977C305128A12CFC005DEECA /* AppDelegate.swift */,
				977C305C28A12CFE005DEECA /* LaunchScreen.storyboard */,
				977C305328A12CFC005DEECA /* SceneDelegate.swift */,
			);
			path = Application;
			sourceTree = "<group>";
		};
		975D88FA28C0005800C5CAE1 /* Common */ = {
			isa = PBXGroup;
			children = (
				977C305A28A12CFE005DEECA /* Assets.xcassets */,
				9761946C28A28C06007BD6C9 /* GoogleService-Info.plist */,
				977C305F28A12CFE005DEECA /* Info.plist */,
			);
			path = Common;
			sourceTree = "<group>";
		};
		975D88FB28C0034400C5CAE1 /* Common */ = {
			isa = PBXGroup;
			children = (
				975D88FC28C0035900C5CAE1 /* BaseViewController.swift */,
			);
			path = Common;
			sourceTree = "<group>";
		};
		975D88FE28C0C57200C5CAE1 /* View */ = {
			isa = PBXGroup;
			children = (
				975D88FF28C0C58B00C5CAE1 /* LoginView.swift */,
			);
			path = View;
			sourceTree = "<group>";
		};
		975D890128C0D0DC00C5CAE1 /* SignUpModule */ = {
			isa = PBXGroup;
			children = (
				977C306A28A15BCD005DEECA /* SignUpViewController.swift */,
				975D890228C0D0FD00C5CAE1 /* SingUpViewModel.swift */,
				975D890428C0D10200C5CAE1 /* View */,
			);
			path = SignUpModule;
			sourceTree = "<group>";
		};
		975D890428C0D10200C5CAE1 /* View */ = {
			isa = PBXGroup;
			children = (
				975D890528C0D11B00C5CAE1 /* SignUpView.swift */,
			);
			path = View;
			sourceTree = "<group>";
		};
		975D890728C0D6D300C5CAE1 /* WelcomeModule */ = {
			isa = PBXGroup;
			children = (
				977C306528A12D96005DEECA /* WelcomeViewController.swift */,
				975D890828C0D6E300C5CAE1 /* View */,
			);
			path = WelcomeModule;
			sourceTree = "<group>";
		};
		975D890828C0D6E300C5CAE1 /* View */ = {
			isa = PBXGroup;
			children = (
				975D890928C0D6F300C5CAE1 /* WelcomeView.swift */,
			);
			path = View;
			sourceTree = "<group>";
		};
		9761946B28A260E8007BD6C9 /* Presentation */ = {
			isa = PBXGroup;
			children = (
				975D88FB28C0034400C5CAE1 /* Common */,
				975D890728C0D6D300C5CAE1 /* WelcomeModule */,
				9799E21B28A529CD00D18165 /* LoginModule */,
				975D890128C0D0DC00C5CAE1 /* SignUpModule */,
				9769BE6E28A1974100C372CD /* MainTabBarController.swift */,
				9769BE7028A1978600C372CD /* TableViewController.swift */,
				9769BE7228A197AC00C372CD /* CollectionViewController.swift */,
				9761946528A260B8007BD6C9 /* GalleryViewController.swift */,
				9761946728A260D1007BD6C9 /* PageViewController.swift */,
				9761946928A260DD007BD6C9 /* ProfileViewController.swift */,
			);
			path = Presentation;
			sourceTree = "<group>";
		};
		9761948228A2C338007BD6C9 /* Extensions */ = {
			isa = PBXGroup;
			children = (
				9761948328A2C347007BD6C9 /* ViewController + CustomBarButtonItem.swift */,
				975D88F628BFDCD600C5CAE1 /* UIColor + Custom Colors.swift */,
			);
			path = Extensions;
			sourceTree = "<group>";
		};
		977C304528A12CFC005DEECA = {
			isa = PBXGroup;
			children = (
				977C305028A12CFC005DEECA /* PetWithRxMVVM */,
				977C304F28A12CFC005DEECA /* Products */,
			);
			sourceTree = "<group>";
		};
		977C304F28A12CFC005DEECA /* Products */ = {
			isa = PBXGroup;
			children = (
				977C304E28A12CFC005DEECA /* PetWithRxMVVM.app */,
			);
			name = Products;
			sourceTree = "<group>";
		};
		977C305028A12CFC005DEECA /* PetWithRxMVVM */ = {
			isa = PBXGroup;
			children = (
				975D88F928BFFF4F00C5CAE1 /* Application */,
				975D88FA28C0005800C5CAE1 /* Common */,
				9761948228A2C338007BD6C9 /* Extensions */,
				977EEF5A28A3F9C200CF8EF0 /* Helpers */,
				9761946B28A260E8007BD6C9 /* Presentation */,
				9799E21828A5273D00D18165 /* Services */,
			);
			path = PetWithRxMVVM;
			sourceTree = "<group>";
		};
		977EEF5A28A3F9C200CF8EF0 /* Helpers */ = {
			isa = PBXGroup;
			children = (
				977EEF5B28A3F9DE00CF8EF0 /* Utilities.swift */,
			);
			path = Helpers;
			sourceTree = "<group>";
		};
		9799E21528A50D6D00D18165 /* Firebase */ = {
			isa = PBXGroup;
			children = (
				9799E21628A50D8300D18165 /* FirebaseManager.swift */,
			);
			path = Firebase;
			sourceTree = "<group>";
		};
		9799E21828A5273D00D18165 /* Services */ = {
			isa = PBXGroup;
			children = (
				9799E21528A50D6D00D18165 /* Firebase */,
				975D88F828BFFEB500C5CAE1 /* Network */,
			);
			path = Services;
			sourceTree = "<group>";
		};
		9799E21B28A529CD00D18165 /* LoginModule */ = {
			isa = PBXGroup;
			children = (
				977C306C28A15BDA005DEECA /* LoginViewController.swift */,
				9799E21C28A529ED00D18165 /* LoginViewModel.swift */,
				975D88FE28C0C57200C5CAE1 /* View */,
			);
			path = LoginModule;
			sourceTree = "<group>";
		};
/* End PBXGroup section */

/* Begin PBXNativeTarget section */
		977C304D28A12CFC005DEECA /* PetWithRxMVVM */ = {
			isa = PBXNativeTarget;
			buildConfigurationList = 977C306228A12CFE005DEECA /* Build configuration list for PBXNativeTarget "PetWithRxMVVM" */;
			buildPhases = (
				977C304A28A12CFC005DEECA /* Sources */,
				977C304B28A12CFC005DEECA /* Frameworks */,
				977C304C28A12CFC005DEECA /* Resources */,
			);
			buildRules = (
			);
			dependencies = (
			);
			name = PetWithRxMVVM;
			packageProductDependencies = (
				977C306828A12EED005DEECA /* SnapKit */,
				9761946F28A28D36007BD6C9 /* FirebaseAnalytics */,
				9761947128A28D36007BD6C9 /* FirebaseDatabase */,
				9761947328A28D36007BD6C9 /* FirebaseFirestore */,
				9761947528A28D36007BD6C9 /* FirebaseStorage */,
				9761947A28A28EDB007BD6C9 /* FirebaseAuth */,
				9799E22128A548F900D18165 /* RxCocoa */,
				9799E22328A548F900D18165 /* RxSwift */,
			);
			productName = PetWithRxMVVM;
			productReference = 977C304E28A12CFC005DEECA /* PetWithRxMVVM.app */;
			productType = "com.apple.product-type.application";
		};
/* End PBXNativeTarget section */

/* Begin PBXProject section */
		977C304628A12CFC005DEECA /* Project object */ = {
			isa = PBXProject;
			attributes = {
				BuildIndependentTargetsInParallel = 1;
				LastSwiftUpdateCheck = 1340;
				LastUpgradeCheck = 1340;
				TargetAttributes = {
					977C304D28A12CFC005DEECA = {
						CreatedOnToolsVersion = 13.4.1;
					};
				};
			};
			buildConfigurationList = 977C304928A12CFC005DEECA /* Build configuration list for PBXProject "PetWithRxMVVM" */;
			compatibilityVersion = "Xcode 13.0";
			developmentRegion = en;
			hasScannedForEncodings = 0;
			knownRegions = (
				en,
				Base,
			);
			mainGroup = 977C304528A12CFC005DEECA;
			packageReferences = (
				977C306728A12EED005DEECA /* XCRemoteSwiftPackageReference "SnapKit" */,
				9761946E28A28D36007BD6C9 /* XCRemoteSwiftPackageReference "firebase-ios-sdk" */,
				9761947728A28E76007BD6C9 /* XCRemoteSwiftPackageReference "firebase-ios-sdk" */,
				9761947828A28E8D007BD6C9 /* XCRemoteSwiftPackageReference "firebase-ios-sdk" */,
				9761947928A28EDB007BD6C9 /* XCRemoteSwiftPackageReference "firebase-ios-sdk" */,
				9799E22028A548F900D18165 /* XCRemoteSwiftPackageReference "RxSwift" */,
			);
			productRefGroup = 977C304F28A12CFC005DEECA /* Products */;
			projectDirPath = "";
			projectRoot = "";
			targets = (
				977C304D28A12CFC005DEECA /* PetWithRxMVVM */,
			);
		};
/* End PBXProject section */

/* Begin PBXResourcesBuildPhase section */
		977C304C28A12CFC005DEECA /* Resources */ = {
			isa = PBXResourcesBuildPhase;
			buildActionMask = 2147483647;
			files = (
				977C305E28A12CFE005DEECA /* LaunchScreen.storyboard in Resources */,
				977C305B28A12CFE005DEECA /* Assets.xcassets in Resources */,
				9761946D28A28C06007BD6C9 /* GoogleService-Info.plist in Resources */,
			);
			runOnlyForDeploymentPostprocessing = 0;
		};
/* End PBXResourcesBuildPhase section */

/* Begin PBXSourcesBuildPhase section */
		977C304A28A12CFC005DEECA /* Sources */ = {
			isa = PBXSourcesBuildPhase;
			buildActionMask = 2147483647;
			files = (
				977C306628A12D96005DEECA /* WelcomeViewController.swift in Sources */,
				9761946828A260D1007BD6C9 /* PageViewController.swift in Sources */,
				9799E21728A50D8300D18165 /* FirebaseManager.swift in Sources */,
				9769BE7128A1978600C372CD /* TableViewController.swift in Sources */,
				9799E21D28A529ED00D18165 /* LoginViewModel.swift in Sources */,
				975D88FD28C0035900C5CAE1 /* BaseViewController.swift in Sources */,
				977C305228A12CFC005DEECA /* AppDelegate.swift in Sources */,
				977EEF5C28A3F9DE00CF8EF0 /* Utilities.swift in Sources */,
				9769BE6F28A1974100C372CD /* MainTabBarController.swift in Sources */,
				9769BE7328A197AC00C372CD /* CollectionViewController.swift in Sources */,
				975D890628C0D11B00C5CAE1 /* SignUpView.swift in Sources */,
				975D890328C0D0FD00C5CAE1 /* SingUpViewModel.swift in Sources */,
				9761948428A2C347007BD6C9 /* ViewController + CustomBarButtonItem.swift in Sources */,
				9761946A28A260DD007BD6C9 /* ProfileViewController.swift in Sources */,
				9799E21A28A5274E00D18165 /* NetworkService.swift in Sources */,
				975D88F728BFDCD600C5CAE1 /* UIColor + Custom Colors.swift in Sources */,
				977C306B28A15BCD005DEECA /* SignUpViewController.swift in Sources */,
				975D890A28C0D6F300C5CAE1 /* WelcomeView.swift in Sources */,
				9761946628A260B8007BD6C9 /* GalleryViewController.swift in Sources */,
				975D890028C0C58B00C5CAE1 /* LoginView.swift in Sources */,
				977C306D28A15BDA005DEECA /* LoginViewController.swift in Sources */,
				977C305428A12CFC005DEECA /* SceneDelegate.swift in Sources */,
			);
			runOnlyForDeploymentPostprocessing = 0;
		};
/* End PBXSourcesBuildPhase section */

/* Begin PBXVariantGroup section */
		977C305C28A12CFE005DEECA /* LaunchScreen.storyboard */ = {
			isa = PBXVariantGroup;
			children = (
				977C305D28A12CFE005DEECA /* Base */,
			);
			name = LaunchScreen.storyboard;
			sourceTree = "<group>";
		};
/* End PBXVariantGroup section */

/* Begin XCBuildConfiguration section */
		977C306028A12CFE005DEECA /* Debug */ = {
			isa = XCBuildConfiguration;
			buildSettings = {
				ALWAYS_SEARCH_USER_PATHS = NO;
				CLANG_ANALYZER_NONNULL = YES;
				CLANG_ANALYZER_NUMBER_OBJECT_CONVERSION = YES_AGGRESSIVE;
				CLANG_CXX_LANGUAGE_STANDARD = "gnu++17";
				CLANG_ENABLE_MODULES = YES;
				CLANG_ENABLE_OBJC_ARC = YES;
				CLANG_ENABLE_OBJC_WEAK = YES;
				CLANG_WARN_BLOCK_CAPTURE_AUTORELEASING = YES;
				CLANG_WARN_BOOL_CONVERSION = YES;
				CLANG_WARN_COMMA = YES;
				CLANG_WARN_CONSTANT_CONVERSION = YES;
				CLANG_WARN_DEPRECATED_OBJC_IMPLEMENTATIONS = YES;
				CLANG_WARN_DIRECT_OBJC_ISA_USAGE = YES_ERROR;
				CLANG_WARN_DOCUMENTATION_COMMENTS = YES;
				CLANG_WARN_EMPTY_BODY = YES;
				CLANG_WARN_ENUM_CONVERSION = YES;
				CLANG_WARN_INFINITE_RECURSION = YES;
				CLANG_WARN_INT_CONVERSION = YES;
				CLANG_WARN_NON_LITERAL_NULL_CONVERSION = YES;
				CLANG_WARN_OBJC_IMPLICIT_RETAIN_SELF = YES;
				CLANG_WARN_OBJC_LITERAL_CONVERSION = YES;
				CLANG_WARN_OBJC_ROOT_CLASS = YES_ERROR;
				CLANG_WARN_QUOTED_INCLUDE_IN_FRAMEWORK_HEADER = YES;
				CLANG_WARN_RANGE_LOOP_ANALYSIS = YES;
				CLANG_WARN_STRICT_PROTOTYPES = YES;
				CLANG_WARN_SUSPICIOUS_MOVE = YES;
				CLANG_WARN_UNGUARDED_AVAILABILITY = YES_AGGRESSIVE;
				CLANG_WARN_UNREACHABLE_CODE = YES;
				CLANG_WARN__DUPLICATE_METHOD_MATCH = YES;
				COPY_PHASE_STRIP = NO;
				DEBUG_INFORMATION_FORMAT = dwarf;
				ENABLE_STRICT_OBJC_MSGSEND = YES;
				ENABLE_TESTABILITY = YES;
				GCC_C_LANGUAGE_STANDARD = gnu11;
				GCC_DYNAMIC_NO_PIC = NO;
				GCC_NO_COMMON_BLOCKS = YES;
				GCC_OPTIMIZATION_LEVEL = 0;
				GCC_PREPROCESSOR_DEFINITIONS = (
					"DEBUG=1",
					"$(inherited)",
				);
				GCC_WARN_64_TO_32_BIT_CONVERSION = YES;
				GCC_WARN_ABOUT_RETURN_TYPE = YES_ERROR;
				GCC_WARN_UNDECLARED_SELECTOR = YES;
				GCC_WARN_UNINITIALIZED_AUTOS = YES_AGGRESSIVE;
				GCC_WARN_UNUSED_FUNCTION = YES;
				GCC_WARN_UNUSED_VARIABLE = YES;
				IPHONEOS_DEPLOYMENT_TARGET = 15.5;
				MTL_ENABLE_DEBUG_INFO = INCLUDE_SOURCE;
				MTL_FAST_MATH = YES;
				ONLY_ACTIVE_ARCH = YES;
				SDKROOT = iphoneos;
				SWIFT_ACTIVE_COMPILATION_CONDITIONS = DEBUG;
				SWIFT_OPTIMIZATION_LEVEL = "-Onone";
			};
			name = Debug;
		};
		977C306128A12CFE005DEECA /* Release */ = {
			isa = XCBuildConfiguration;
			buildSettings = {
				ALWAYS_SEARCH_USER_PATHS = NO;
				CLANG_ANALYZER_NONNULL = YES;
				CLANG_ANALYZER_NUMBER_OBJECT_CONVERSION = YES_AGGRESSIVE;
				CLANG_CXX_LANGUAGE_STANDARD = "gnu++17";
				CLANG_ENABLE_MODULES = YES;
				CLANG_ENABLE_OBJC_ARC = YES;
				CLANG_ENABLE_OBJC_WEAK = YES;
				CLANG_WARN_BLOCK_CAPTURE_AUTORELEASING = YES;
				CLANG_WARN_BOOL_CONVERSION = YES;
				CLANG_WARN_COMMA = YES;
				CLANG_WARN_CONSTANT_CONVERSION = YES;
				CLANG_WARN_DEPRECATED_OBJC_IMPLEMENTATIONS = YES;
				CLANG_WARN_DIRECT_OBJC_ISA_USAGE = YES_ERROR;
				CLANG_WARN_DOCUMENTATION_COMMENTS = YES;
				CLANG_WARN_EMPTY_BODY = YES;
				CLANG_WARN_ENUM_CONVERSION = YES;
				CLANG_WARN_INFINITE_RECURSION = YES;
				CLANG_WARN_INT_CONVERSION = YES;
				CLANG_WARN_NON_LITERAL_NULL_CONVERSION = YES;
				CLANG_WARN_OBJC_IMPLICIT_RETAIN_SELF = YES;
				CLANG_WARN_OBJC_LITERAL_CONVERSION = YES;
				CLANG_WARN_OBJC_ROOT_CLASS = YES_ERROR;
				CLANG_WARN_QUOTED_INCLUDE_IN_FRAMEWORK_HEADER = YES;
				CLANG_WARN_RANGE_LOOP_ANALYSIS = YES;
				CLANG_WARN_STRICT_PROTOTYPES = YES;
				CLANG_WARN_SUSPICIOUS_MOVE = YES;
				CLANG_WARN_UNGUARDED_AVAILABILITY = YES_AGGRESSIVE;
				CLANG_WARN_UNREACHABLE_CODE = YES;
				CLANG_WARN__DUPLICATE_METHOD_MATCH = YES;
				COPY_PHASE_STRIP = NO;
				DEBUG_INFORMATION_FORMAT = "dwarf-with-dsym";
				ENABLE_NS_ASSERTIONS = NO;
				ENABLE_STRICT_OBJC_MSGSEND = YES;
				GCC_C_LANGUAGE_STANDARD = gnu11;
				GCC_NO_COMMON_BLOCKS = YES;
				GCC_WARN_64_TO_32_BIT_CONVERSION = YES;
				GCC_WARN_ABOUT_RETURN_TYPE = YES_ERROR;
				GCC_WARN_UNDECLARED_SELECTOR = YES;
				GCC_WARN_UNINITIALIZED_AUTOS = YES_AGGRESSIVE;
				GCC_WARN_UNUSED_FUNCTION = YES;
				GCC_WARN_UNUSED_VARIABLE = YES;
				IPHONEOS_DEPLOYMENT_TARGET = 15.5;
				MTL_ENABLE_DEBUG_INFO = NO;
				MTL_FAST_MATH = YES;
				SDKROOT = iphoneos;
				SWIFT_COMPILATION_MODE = wholemodule;
				SWIFT_OPTIMIZATION_LEVEL = "-O";
				VALIDATE_PRODUCT = YES;
			};
			name = Release;
		};
		977C306328A12CFE005DEECA /* Debug */ = {
			isa = XCBuildConfiguration;
			buildSettings = {
				ASSETCATALOG_COMPILER_APPICON_NAME = AppIcon;
				ASSETCATALOG_COMPILER_GLOBAL_ACCENT_COLOR_NAME = AccentColor;
				CODE_SIGN_STYLE = Automatic;
				CURRENT_PROJECT_VERSION = 1;
				GENERATE_INFOPLIST_FILE = YES;
				INFOPLIST_FILE = PetWithRxMVVM/Common/Info.plist;
				INFOPLIST_KEY_UIApplicationSupportsIndirectInputEvents = YES;
				INFOPLIST_KEY_UILaunchStoryboardName = LaunchScreen;
				INFOPLIST_KEY_UISupportedInterfaceOrientations_iPad = "UIInterfaceOrientationPortrait UIInterfaceOrientationPortraitUpsideDown UIInterfaceOrientationLandscapeLeft UIInterfaceOrientationLandscapeRight";
				INFOPLIST_KEY_UISupportedInterfaceOrientations_iPhone = "UIInterfaceOrientationPortrait UIInterfaceOrientationLandscapeLeft UIInterfaceOrientationLandscapeRight";
				IPHONEOS_DEPLOYMENT_TARGET = 14.0;
				LD_RUNPATH_SEARCH_PATHS = (
					"$(inherited)",
					"@executable_path/Frameworks",
				);
				MARKETING_VERSION = 1.0;
				PRODUCT_BUNDLE_IDENTIFIER = Sheelow.PetWithRxMVVM;
				PRODUCT_NAME = "$(TARGET_NAME)";
				SWIFT_EMIT_LOC_STRINGS = YES;
				SWIFT_VERSION = 5.0;
				TARGETED_DEVICE_FAMILY = 1;
			};
			name = Debug;
		};
		977C306428A12CFE005DEECA /* Release */ = {
			isa = XCBuildConfiguration;
			buildSettings = {
				ASSETCATALOG_COMPILER_APPICON_NAME = AppIcon;
				ASSETCATALOG_COMPILER_GLOBAL_ACCENT_COLOR_NAME = AccentColor;
				CODE_SIGN_STYLE = Automatic;
				CURRENT_PROJECT_VERSION = 1;
				GENERATE_INFOPLIST_FILE = YES;
				INFOPLIST_FILE = PetWithRxMVVM/Common/Info.plist;
				INFOPLIST_KEY_UIApplicationSupportsIndirectInputEvents = YES;
				INFOPLIST_KEY_UILaunchStoryboardName = LaunchScreen;
				INFOPLIST_KEY_UISupportedInterfaceOrientations_iPad = "UIInterfaceOrientationPortrait UIInterfaceOrientationPortraitUpsideDown UIInterfaceOrientationLandscapeLeft UIInterfaceOrientationLandscapeRight";
				INFOPLIST_KEY_UISupportedInterfaceOrientations_iPhone = "UIInterfaceOrientationPortrait UIInterfaceOrientationLandscapeLeft UIInterfaceOrientationLandscapeRight";
				IPHONEOS_DEPLOYMENT_TARGET = 14.0;
				LD_RUNPATH_SEARCH_PATHS = (
					"$(inherited)",
					"@executable_path/Frameworks",
				);
				MARKETING_VERSION = 1.0;
				PRODUCT_BUNDLE_IDENTIFIER = Sheelow.PetWithRxMVVM;
				PRODUCT_NAME = "$(TARGET_NAME)";
				SWIFT_EMIT_LOC_STRINGS = YES;
				SWIFT_VERSION = 5.0;
				TARGETED_DEVICE_FAMILY = 1;
			};
			name = Release;
		};
/* End XCBuildConfiguration section */

/* Begin XCConfigurationList section */
		977C304928A12CFC005DEECA /* Build configuration list for PBXProject "PetWithRxMVVM" */ = {
			isa = XCConfigurationList;
			buildConfigurations = (
				977C306028A12CFE005DEECA /* Debug */,
				977C306128A12CFE005DEECA /* Release */,
			);
			defaultConfigurationIsVisible = 0;
			defaultConfigurationName = Release;
		};
		977C306228A12CFE005DEECA /* Build configuration list for PBXNativeTarget "PetWithRxMVVM" */ = {
			isa = XCConfigurationList;
			buildConfigurations = (
				977C306328A12CFE005DEECA /* Debug */,
				977C306428A12CFE005DEECA /* Release */,
			);
			defaultConfigurationIsVisible = 0;
			defaultConfigurationName = Release;
		};
/* End XCConfigurationList section */

/* Begin XCRemoteSwiftPackageReference section */
		9761946E28A28D36007BD6C9 /* XCRemoteSwiftPackageReference "firebase-ios-sdk" */ = {
			isa = XCRemoteSwiftPackageReference;
			repositoryURL = "https://github.com/firebase/firebase-ios-sdk.git";
			requirement = {
				branch = master;
				kind = branch;
			};
		};
		9761947728A28E76007BD6C9 /* XCRemoteSwiftPackageReference "firebase-ios-sdk" */ = {
			isa = XCRemoteSwiftPackageReference;
			repositoryURL = "https://github.com/firebase/firebase-ios-sdk.git";
			requirement = {
				branch = master;
				kind = branch;
			};
		};
		9761947828A28E8D007BD6C9 /* XCRemoteSwiftPackageReference "firebase-ios-sdk" */ = {
			isa = XCRemoteSwiftPackageReference;
			repositoryURL = "https://github.com/firebase/firebase-ios-sdk.git";
			requirement = {
				branch = master;
				kind = branch;
			};
		};
		9761947928A28EDB007BD6C9 /* XCRemoteSwiftPackageReference "firebase-ios-sdk" */ = {
			isa = XCRemoteSwiftPackageReference;
			repositoryURL = "https://github.com/firebase/firebase-ios-sdk.git";
			requirement = {
				branch = master;
				kind = branch;
			};
		};
		977C306728A12EED005DEECA /* XCRemoteSwiftPackageReference "SnapKit" */ = {
			isa = XCRemoteSwiftPackageReference;
			repositoryURL = "https://github.com/SnapKit/SnapKit.git";
			requirement = {
				branch = develop;
				kind = branch;
			};
		};
		9799E22028A548F900D18165 /* XCRemoteSwiftPackageReference "RxSwift" */ = {
			isa = XCRemoteSwiftPackageReference;
			repositoryURL = "https://github.com/ReactiveX/RxSwift.git";
			requirement = {
				branch = main;
				kind = branch;
			};
		};
/* End XCRemoteSwiftPackageReference section */

/* Begin XCSwiftPackageProductDependency section */
		9761946F28A28D36007BD6C9 /* FirebaseAnalytics */ = {
			isa = XCSwiftPackageProductDependency;
			package = 9761946E28A28D36007BD6C9 /* XCRemoteSwiftPackageReference "firebase-ios-sdk" */;
			productName = FirebaseAnalytics;
		};
		9761947128A28D36007BD6C9 /* FirebaseDatabase */ = {
			isa = XCSwiftPackageProductDependency;
			package = 9761946E28A28D36007BD6C9 /* XCRemoteSwiftPackageReference "firebase-ios-sdk" */;
			productName = FirebaseDatabase;
		};
		9761947328A28D36007BD6C9 /* FirebaseFirestore */ = {
			isa = XCSwiftPackageProductDependency;
			package = 9761946E28A28D36007BD6C9 /* XCRemoteSwiftPackageReference "firebase-ios-sdk" */;
			productName = FirebaseFirestore;
		};
		9761947528A28D36007BD6C9 /* FirebaseStorage */ = {
			isa = XCSwiftPackageProductDependency;
			package = 9761946E28A28D36007BD6C9 /* XCRemoteSwiftPackageReference "firebase-ios-sdk" */;
			productName = FirebaseStorage;
		};
		9761947A28A28EDB007BD6C9 /* FirebaseAuth */ = {
			isa = XCSwiftPackageProductDependency;
			package = 9761946E28A28D36007BD6C9 /* XCRemoteSwiftPackageReference "firebase-ios-sdk" */;
			productName = FirebaseAuth;
		};
		977C306828A12EED005DEECA /* SnapKit */ = {
			isa = XCSwiftPackageProductDependency;
			package = 977C306728A12EED005DEECA /* XCRemoteSwiftPackageReference "SnapKit" */;
			productName = SnapKit;
		};
		9799E22128A548F900D18165 /* RxCocoa */ = {
			isa = XCSwiftPackageProductDependency;
			package = 9799E22028A548F900D18165 /* XCRemoteSwiftPackageReference "RxSwift" */;
			productName = RxCocoa;
		};
		9799E22328A548F900D18165 /* RxSwift */ = {
			isa = XCSwiftPackageProductDependency;
			package = 9799E22028A548F900D18165 /* XCRemoteSwiftPackageReference "RxSwift" */;
			productName = RxSwift;
		};
/* End XCSwiftPackageProductDependency section */
	};
	rootObject = 977C304628A12CFC005DEECA /* Project object */;
}
